
Microsoft Visual Studio Solution File, Format Version 12.00
Project("{FAE04EC0-301F-11D3-BF4B-00C04F79EFBC}") = "resolver", "resolver\resolver.csproj", "{5B8ABE33-8C05-40CA-B9DB-8D6C1C2B771E}"
EndProject
Project("{FAE04EC0-301F-11D3-BF4B-00C04F79EFBC}") = "resolver-test", "resolver-test\resolver-test.csproj", "{44AEE1E5-11CF-44AA-B1BE-96439DEF8077}"
EndProject
Global
	GlobalSection(SolutionConfigurationPlatforms) = preSolution
		Debug|Any CPU = Debug|Any CPU
		Release|Any CPU = Release|Any CPU
	EndGlobalSection
	GlobalSection(ProjectConfigurationPlatforms) = postSolution
		{5B8ABE33-8C05-40CA-B9DB-8D6C1C2B771E}.Debug|Any CPU.ActiveCfg = Debug|Any CPU
		{5B8ABE33-8C05-40CA-B9DB-8D6C1C2B771E}.Debug|Any CPU.Build.0 = Debug|Any CPU
		{5B8ABE33-8C05-40CA-B9DB-8D6C1C2B771E}.Release|Any CPU.ActiveCfg = Release|Any CPU
		{5B8ABE33-8C05-40CA-B9DB-8D6C1C2B771E}.Release|Any CPU.Build.0 = Release|Any CPU
		{44AEE1E5-11CF-44AA-B1BE-96439DEF8077}.Debug|Any CPU.ActiveCfg = Debug|Any CPU
		{44AEE1E5-11CF-44AA-B1BE-96439DEF8077}.Debug|Any CPU.Build.0 = Debug|Any CPU
		{44AEE1E5-11CF-44AA-B1BE-96439DEF8077}.Release|Any CPU.ActiveCfg = Release|Any CPU
		{44AEE1E5-11CF-44AA-B1BE-96439DEF8077}.Release|Any CPU.Build.0 = Release|Any CPU
	EndGlobalSection
EndGlobal
